
Microsoft Visual Studio Solution File, Format Version 12.00
# Visual Studio 15
VisualStudioVersion = 15.0.27428.2037
MinimumVisualStudioVersion = 10.0.40219.1
Project("{FAE04EC0-301F-11D3-BF4B-00C04F79EFBC}") = "AvaliacaoTrue.Android", "AvaliacaoTrue\AvaliacaoTrue.Android\AvaliacaoTrue.Android.csproj", "{A6013E7C-BF85-4DC7-84AD-B0DDD1196618}"
EndProject
Project("{FAE04EC0-301F-11D3-BF4B-00C04F79EFBC}") = "AvaliacaoTrue", "AvaliacaoTrue\AvaliacaoTrue\AvaliacaoTrue.csproj", "{6360EEE5-3D6A-4443-9C23-A9C670F35F38}"
EndProject
Global
	GlobalSection(SolutionConfigurationPlatforms) = preSolution
		Debug|Any CPU = Debug|Any CPU
		Release|Any CPU = Release|Any CPU
	EndGlobalSection
	GlobalSection(ProjectConfigurationPlatforms) = postSolution
		{A6013E7C-BF85-4DC7-84AD-B0DDD1196618}.Debug|Any CPU.ActiveCfg = Debug|Any CPU
		{A6013E7C-BF85-4DC7-84AD-B0DDD1196618}.Debug|Any CPU.Build.0 = Debug|Any CPU
		{A6013E7C-BF85-4DC7-84AD-B0DDD1196618}.Debug|Any CPU.Deploy.0 = Debug|Any CPU
		{A6013E7C-BF85-4DC7-84AD-B0DDD1196618}.Release|Any CPU.ActiveCfg = Release|Any CPU
		{A6013E7C-BF85-4DC7-84AD-B0DDD1196618}.Release|Any CPU.Build.0 = Release|Any CPU
		{A6013E7C-BF85-4DC7-84AD-B0DDD1196618}.Release|Any CPU.Deploy.0 = Release|Any CPU
		{6360EEE5-3D6A-4443-9C23-A9C670F35F38}.Debug|Any CPU.ActiveCfg = Debug|Any CPU
		{6360EEE5-3D6A-4443-9C23-A9C670F35F38}.Debug|Any CPU.Build.0 = Debug|Any CPU
		{6360EEE5-3D6A-4443-9C23-A9C670F35F38}.Release|Any CPU.ActiveCfg = Release|Any CPU
		{6360EEE5-3D6A-4443-9C23-A9C670F35F38}.Release|Any CPU.Build.0 = Release|Any CPU
	EndGlobalSection
	GlobalSection(SolutionProperties) = preSolution
		HideSolutionNode = FALSE
	EndGlobalSection
	GlobalSection(ExtensibilityGlobals) = postSolution
		SolutionGuid = {08466E7D-4A70-4F10-8746-0289FB539E06}
	EndGlobalSection
EndGlobal
